
Microsoft Visual Studio Solution File, Format Version 12.00
# Visual Studio 15
VisualStudioVersion = 15.0.28307.1062
MinimumVisualStudioVersion = 10.0.40219.1
Project("{FAE04EC0-301F-11D3-BF4B-00C04F79EFBC}") = "UserManagement", "UserManagement\UserManagement.csproj", "{0749C554-FB47-4B66-9007-D4ABDC44A2CE}"
EndProject
Global
	GlobalSection(SolutionConfigurationPlatforms) = preSolution
		Debug|Any CPU = Debug|Any CPU
		Release|Any CPU = Release|Any CPU
	EndGlobalSection
	GlobalSection(ProjectConfigurationPlatforms) = postSolution
		{0749C554-FB47-4B66-9007-D4ABDC44A2CE}.Debug|Any CPU.ActiveCfg = Debug|Any CPU
		{0749C554-FB47-4B66-9007-D4ABDC44A2CE}.Debug|Any CPU.Build.0 = Debug|Any CPU
		{0749C554-FB47-4B66-9007-D4ABDC44A2CE}.Release|Any CPU.ActiveCfg = Release|Any CPU
		{0749C554-FB47-4B66-9007-D4ABDC44A2CE}.Release|Any CPU.Build.0 = Release|Any CPU
	EndGlobalSection
	GlobalSection(SolutionProperties) = preSolution
		HideSolutionNode = FALSE
	EndGlobalSection
	GlobalSection(ExtensibilityGlobals) = postSolution
		SolutionGuid = {0927E965-F0B9-444D-9C90-5D393F2C876B}
	EndGlobalSection
EndGlobal
